// !$*UTF8*$!
{
	archiveVersion = 1;
	classes = {
	};
	objectVersion = 46;
	objects = {

/* Begin PBXBuildFile section */
		1F60A58A1DB925B80052022C /* AppDelegate.swift in Sources */ = {isa = PBXBuildFile; fileRef = 1F60A5891DB925B80052022C /* AppDelegate.swift */; };
		1F60A58F1DB925B80052022C /* Main.storyboard in Resources */ = {isa = PBXBuildFile; fileRef = 1F60A58D1DB925B80052022C /* Main.storyboard */; };
		1F60A5911DB925B80052022C /* Assets.xcassets in Resources */ = {isa = PBXBuildFile; fileRef = 1F60A5901DB925B80052022C /* Assets.xcassets */; };
		1F60A5941DB925B80052022C /* LaunchScreen.storyboard in Resources */ = {isa = PBXBuildFile; fileRef = 1F60A5921DB925B80052022C /* LaunchScreen.storyboard */; };
		1F60A59C1DB927F50052022C /* Survey.swift in Sources */ = {isa = PBXBuildFile; fileRef = 1F60A59B1DB927F50052022C /* Survey.swift */; };
		1F60A59E1DB92DE90052022C /* SurveyController.swift in Sources */ = {isa = PBXBuildFile; fileRef = 1F60A59D1DB92DE90052022C /* SurveyController.swift */; };
		1F60A5A01DB932CC0052022C /* NetworkController.swift in Sources */ = {isa = PBXBuildFile; fileRef = 1F60A59F1DB932CC0052022C /* NetworkController.swift */; };
		1F60A5A61DB93B5D0052022C /* SurveyViewController.swift in Sources */ = {isa = PBXBuildFile; fileRef = 1F60A5A51DB93B5D0052022C /* SurveyViewController.swift */; };
		1F60A5A91DB941020052022C /* LanguagesTableViewController.swift in Sources */ = {isa = PBXBuildFile; fileRef = 1F60A5A81DB941020052022C /* LanguagesTableViewController.swift */; };
/* End PBXBuildFile section */

/* Begin PBXFileReference section */
		1F60A5861DB925B80052022C /* Survey.app */ = {isa = PBXFileReference; explicitFileType = wrapper.application; includeInIndex = 0; path = Survey.app; sourceTree = BUILT_PRODUCTS_DIR; };
		1F60A5891DB925B80052022C /* AppDelegate.swift */ = {isa = PBXFileReference; lastKnownFileType = sourcecode.swift; path = AppDelegate.swift; sourceTree = "<group>"; };
		1F60A58E1DB925B80052022C /* Base */ = {isa = PBXFileReference; lastKnownFileType = file.storyboard; name = Base; path = Base.lproj/Main.storyboard; sourceTree = "<group>"; };
		1F60A5901DB925B80052022C /* Assets.xcassets */ = {isa = PBXFileReference; lastKnownFileType = folder.assetcatalog; path = Assets.xcassets; sourceTree = "<group>"; };
		1F60A5931DB925B80052022C /* Base */ = {isa = PBXFileReference; lastKnownFileType = file.storyboard; name = Base; path = Base.lproj/LaunchScreen.storyboard; sourceTree = "<group>"; };
		1F60A5951DB925B80052022C /* Info.plist */ = {isa = PBXFileReference; lastKnownFileType = text.plist.xml; path = Info.plist; sourceTree = "<group>"; };
		1F60A59B1DB927F50052022C /* Survey.swift */ = {isa = PBXFileReference; fileEncoding = 4; lastKnownFileType = sourcecode.swift; path = Survey.swift; sourceTree = "<group>"; };
		1F60A59D1DB92DE90052022C /* SurveyController.swift */ = {isa = PBXFileReference; fileEncoding = 4; lastKnownFileType = sourcecode.swift; path = SurveyController.swift; sourceTree = "<group>"; };
		1F60A59F1DB932CC0052022C /* NetworkController.swift */ = {isa = PBXFileReference; fileEncoding = 4; lastKnownFileType = sourcecode.swift; path = NetworkController.swift; sourceTree = "<group>"; };
		1F60A5A51DB93B5D0052022C /* SurveyViewController.swift */ = {isa = PBXFileReference; fileEncoding = 4; lastKnownFileType = sourcecode.swift; path = SurveyViewController.swift; sourceTree = "<group>"; };
		1F60A5A81DB941020052022C /* LanguagesTableViewController.swift */ = {isa = PBXFileReference; fileEncoding = 4; lastKnownFileType = sourcecode.swift; path = LanguagesTableViewController.swift; sourceTree = "<group>"; };
/* End PBXFileReference section */

/* Begin PBXFrameworksBuildPhase section */
		1F60A5831DB925B80052022C /* Frameworks */ = {
			isa = PBXFrameworksBuildPhase;
			buildActionMask = 2147483647;
			files = (
			);
			runOnlyForDeploymentPostprocessing = 0;
		};
/* End PBXFrameworksBuildPhase section */

/* Begin PBXGroup section */
		1F60A57D1DB925B80052022C = {
			isa = PBXGroup;
			children = (
				1F60A5881DB925B80052022C /* Survey */,
				1F60A5871DB925B80052022C /* Products */,
			);
			sourceTree = "<group>";
		};
		1F60A5871DB925B80052022C /* Products */ = {
			isa = PBXGroup;
			children = (
				1F60A5861DB925B80052022C /* Survey.app */,
			);
			name = Products;
			sourceTree = "<group>";
		};
		1F60A5881DB925B80052022C /* Survey */ = {
			isa = PBXGroup;
			children = (
				1F60A5891DB925B80052022C /* AppDelegate.swift */,
				1F60A5A11DB938470052022C /* Model */,
				1F60A5A21DB938540052022C /* ModelController */,
				1F60A5A31DB9385C0052022C /* OtherController */,
				1F60A5A41DB9387D0052022C /* Resources */,
				1F60A5A71DB93B620052022C /* ViewController */,
			);
			path = Survey;
			sourceTree = "<group>";
		};
		1F60A5A11DB938470052022C /* Model */ = {
			isa = PBXGroup;
			children = (
				1F60A59B1DB927F50052022C /* Survey.swift */,
			);
			name = Model;
			sourceTree = "<group>";
		};
		1F60A5A21DB938540052022C /* ModelController */ = {
			isa = PBXGroup;
			children = (
				1F60A59D1DB92DE90052022C /* SurveyController.swift */,
			);
			name = ModelController;
			sourceTree = "<group>";
		};
		1F60A5A31DB9385C0052022C /* OtherController */ = {
			isa = PBXGroup;
			children = (
				1F60A59F1DB932CC0052022C /* NetworkController.swift */,
			);
			name = OtherController;
			sourceTree = "<group>";
		};
		1F60A5A41DB9387D0052022C /* Resources */ = {
			isa = PBXGroup;
			children = (
				1F60A5901DB925B80052022C /* Assets.xcassets */,
				1F60A5951DB925B80052022C /* Info.plist */,
				1F60A5921DB925B80052022C /* LaunchScreen.storyboard */,
				1F60A58D1DB925B80052022C /* Main.storyboard */,
			);
			name = Resources;
			sourceTree = "<group>";
		};
		1F60A5A71DB93B620052022C /* ViewController */ = {
			isa = PBXGroup;
			children = (
				1F60A5A81DB941020052022C /* LanguagesTableViewController.swift */,
				1F60A5A51DB93B5D0052022C /* SurveyViewController.swift */,
			);
			name = ViewController;
			sourceTree = "<group>";
		};
/* End PBXGroup section */

/* Begin PBXNativeTarget section */
		1F60A5851DB925B80052022C /* Survey */ = {
			isa = PBXNativeTarget;
			buildConfigurationList = 1F60A5981DB925B80052022C /* Build configuration list for PBXNativeTarget "Survey" */;
			buildPhases = (
				1F60A5821DB925B80052022C /* Sources */,
				1F60A5831DB925B80052022C /* Frameworks */,
				1F60A5841DB925B80052022C /* Resources */,
			);
			buildRules = (
			);
			dependencies = (
			);
			name = Survey;
			productName = Survey;
			productReference = 1F60A5861DB925B80052022C /* Survey.app */;
			productType = "com.apple.product-type.application";
		};
/* End PBXNativeTarget section */

/* Begin PBXProject section */
		1F60A57E1DB925B80052022C /* Project object */ = {
			isa = PBXProject;
			attributes = {
				LastSwiftUpdateCheck = 0800;
				LastUpgradeCheck = 0800;
				ORGANIZATIONNAME = JeffCryst;
				TargetAttributes = {
					1F60A5851DB925B80052022C = {
						CreatedOnToolsVersion = 8.0;
						DevelopmentTeam = A6ASF988U5;
						ProvisioningStyle = Automatic;
					};
				};
			};
			buildConfigurationList = 1F60A5811DB925B80052022C /* Build configuration list for PBXProject "Survey" */;
			compatibilityVersion = "Xcode 3.2";
			developmentRegion = English;
			hasScannedForEncodings = 0;
			knownRegions = (
				en,
				Base,
			);
			mainGroup = 1F60A57D1DB925B80052022C;
			productRefGroup = 1F60A5871DB925B80052022C /* Products */;
			projectDirPath = "";
			projectRoot = "";
			targets = (
				1F60A5851DB925B80052022C /* Survey */,
			);
		};
/* End PBXProject section */

/* Begin PBXResourcesBuildPhase section */
		1F60A5841DB925B80052022C /* Resources */ = {
			isa = PBXResourcesBuildPhase;
			buildActionMask = 2147483647;
			files = (
				1F60A5941DB925B80052022C /* LaunchScreen.storyboard in Resources */,
				1F60A5911DB925B80052022C /* Assets.xcassets in Resources */,
				1F60A58F1DB925B80052022C /* Main.storyboard in Resources */,
			);
			runOnlyForDeploymentPostprocessing = 0;
		};
/* End PBXResourcesBuildPhase section */

/* Begin PBXSourcesBuildPhase section */
		1F60A5821DB925B80052022C /* Sources */ = {
			isa = PBXSourcesBuildPhase;
			buildActionMask = 2147483647;
			files = (
				1F60A5A01DB932CC0052022C /* NetworkController.swift in Sources */,
				1F60A5A91DB941020052022C /* LanguagesTableViewController.swift in Sources */,
				1F60A59E1DB92DE90052022C /* SurveyController.swift in Sources */,
				1F60A58A1DB925B80052022C /* AppDelegate.swift in Sources */,
				1F60A59C1DB927F50052022C /* Survey.swift in Sources */,
				1F60A5A61DB93B5D0052022C /* SurveyViewController.swift in Sources */,
			);
			runOnlyForDeploymentPostprocessing = 0;
		};
/* End PBXSourcesBuildPhase section */

/* Begin PBXVariantGroup section */
		1F60A58D1DB925B80052022C /* Main.storyboard */ = {
			isa = PBXVariantGroup;
			children = (
				1F60A58E1DB925B80052022C /* Base */,
			);
			name = Main.storyboard;
			sourceTree = "<group>";
		};
		1F60A5921DB925B80052022C /* LaunchScreen.storyboard */ = {
			isa = PBXVariantGroup;
			children = (
				1F60A5931DB925B80052022C /* Base */,
			);
			name = LaunchScreen.storyboard;
			sourceTree = "<group>";
		};
/* End PBXVariantGroup section */

/* Begin XCBuildConfiguration section */
		1F60A5961DB925B80052022C /* Debug */ = {
			isa = XCBuildConfiguration;
			buildSettings = {
				ALWAYS_SEARCH_USER_PATHS = NO;
				CLANG_ANALYZER_NONNULL = YES;
				CLANG_CXX_LANGUAGE_STANDARD = "gnu++0x";
				CLANG_CXX_LIBRARY = "libc++";
				CLANG_ENABLE_MODULES = YES;
				CLANG_ENABLE_OBJC_ARC = YES;
				CLANG_WARN_BOOL_CONVERSION = YES;
				CLANG_WARN_CONSTANT_CONVERSION = YES;
				CLANG_WARN_DIRECT_OBJC_ISA_USAGE = YES_ERROR;
				CLANG_WARN_DOCUMENTATION_COMMENTS = YES;
				CLANG_WARN_EMPTY_BODY = YES;
				CLANG_WARN_ENUM_CONVERSION = YES;
				CLANG_WARN_INFINITE_RECURSION = YES;
				CLANG_WARN_INT_CONVERSION = YES;
				CLANG_WARN_OBJC_ROOT_CLASS = YES_ERROR;
				CLANG_WARN_SUSPICIOUS_MOVES = YES;
				CLANG_WARN_UNREACHABLE_CODE = YES;
				CLANG_WARN__DUPLICATE_METHOD_MATCH = YES;
				"CODE_SIGN_IDENTITY[sdk=iphoneos*]" = "iPhone Developer";
				COPY_PHASE_STRIP = NO;
				DEBUG_INFORMATION_FORMAT = dwarf;
				ENABLE_STRICT_OBJC_MSGSEND = YES;
				ENABLE_TESTABILITY = YES;
				GCC_C_LANGUAGE_STANDARD = gnu99;
				GCC_DYNAMIC_NO_PIC = NO;
				GCC_NO_COMMON_BLOCKS = YES;
				GCC_OPTIMIZATION_LEVEL = 0;
				GCC_PREPROCESSOR_DEFINITIONS = (
					"DEBUG=1",
					"$(inherited)",
				);
				GCC_WARN_64_TO_32_BIT_CONVERSION = YES;
				GCC_WARN_ABOUT_RETURN_TYPE = YES_ERROR;
				GCC_WARN_UNDECLARED_SELECTOR = YES;
				GCC_WARN_UNINITIALIZED_AUTOS = YES_AGGRESSIVE;
				GCC_WARN_UNUSED_FUNCTION = YES;
				GCC_WARN_UNUSED_VARIABLE = YES;
				IPHONEOS_DEPLOYMENT_TARGET = 10.0;
				MTL_ENABLE_DEBUG_INFO = YES;
				ONLY_ACTIVE_ARCH = YES;
				SDKROOT = iphoneos;
				SWIFT_ACTIVE_COMPILATION_CONDITIONS = DEBUG;
				SWIFT_OPTIMIZATION_LEVEL = "-Onone";
				TARGETED_DEVICE_FAMILY = "1,2";
			};
			name = Debug;
		};
		1F60A5971DB925B80052022C /* Release */ = {
			isa = XCBuildConfiguration;
			buildSettings = {
				ALWAYS_SEARCH_USER_PATHS = NO;
				CLANG_ANALYZER_NONNULL = YES;
				CLANG_CXX_LANGUAGE_STANDARD = "gnu++0x";
				CLANG_CXX_LIBRARY = "libc++";
				CLANG_ENABLE_MODULES = YES;
				CLANG_ENABLE_OBJC_ARC = YES;
				CLANG_WARN_BOOL_CONVERSION = YES;
				CLANG_WARN_CONSTANT_CONVERSION = YES;
				CLANG_WARN_DIRECT_OBJC_ISA_USAGE = YES_ERROR;
				CLANG_WARN_DOCUMENTATION_COMMENTS = YES;
				CLANG_WARN_EMPTY_BODY = YES;
				CLANG_WARN_ENUM_CONVERSION = YES;
				CLANG_WARN_INFINITE_RECURSION = YES;
				CLANG_WARN_INT_CONVERSION = YES;
				CLANG_WARN_OBJC_ROOT_CLASS = YES_ERROR;
				CLANG_WARN_SUSPICIOUS_MOVES = YES;
				CLANG_WARN_UNREACHABLE_CODE = YES;
				CLANG_WARN__DUPLICATE_METHOD_MATCH = YES;
				"CODE_SIGN_IDENTITY[sdk=iphoneos*]" = "iPhone Developer";
				COPY_PHASE_STRIP = NO;
				DEBUG_INFORMATION_FORMAT = "dwarf-with-dsym";
				ENABLE_NS_ASSERTIONS = NO;
				ENABLE_STRICT_OBJC_MSGSEND = YES;
				GCC_C_LANGUAGE_STANDARD = gnu99;
				GCC_NO_COMMON_BLOCKS = YES;
				GCC_WARN_64_TO_32_BIT_CONVERSION = YES;
				GCC_WARN_ABOUT_RETURN_TYPE = YES_ERROR;
				GCC_WARN_UNDECLARED_SELECTOR = YES;
				GCC_WARN_UNINITIALIZED_AUTOS = YES_AGGRESSIVE;
				GCC_WARN_UNUSED_FUNCTION = YES;
				GCC_WARN_UNUSED_VARIABLE = YES;
				IPHONEOS_DEPLOYMENT_TARGET = 10.0;
				MTL_ENABLE_DEBUG_INFO = NO;
				SDKROOT = iphoneos;
				SWIFT_OPTIMIZATION_LEVEL = "-Owholemodule";
				TARGETED_DEVICE_FAMILY = "1,2";
				VALIDATE_PRODUCT = YES;
			};
			name = Release;
		};
		1F60A5991DB925B80052022C /* Debug */ = {
			isa = XCBuildConfiguration;
			buildSettings = {
				ASSETCATALOG_COMPILER_APPICON_NAME = AppIcon;
				DEVELOPMENT_TEAM = A6ASF988U5;
				INFOPLIST_FILE = Survey/Info.plist;
				LD_RUNPATH_SEARCH_PATHS = "$(inherited) @executable_path/Frameworks";
				PRODUCT_BUNDLE_IDENTIFIER = com.jeffcryst.Survey;
				PRODUCT_NAME = "$(TARGET_NAME)";
				SWIFT_VERSION = 3.0;
			};
			name = Debug;
		};
		1F60A59A1DB925B80052022C /* Release */ = {
			isa = XCBuildConfiguration;
			buildSettings = {
				ASSETCATALOG_COMPILER_APPICON_NAME = AppIcon;
				DEVELOPMENT_TEAM = A6ASF988U5;
				INFOPLIST_FILE = Survey/Info.plist;
				LD_RUNPATH_SEARCH_PATHS = "$(inherited) @executable_path/Frameworks";
				PRODUCT_BUNDLE_IDENTIFIER = com.jeffcryst.Survey;
				PRODUCT_NAME = "$(TARGET_NAME)";
				SWIFT_VERSION = 3.0;
			};
			name = Release;
		};
/* End XCBuildConfiguration section */

/* Begin XCConfigurationList section */
		1F60A5811DB925B80052022C /* Build configuration list for PBXProject "Survey" */ = {
			isa = XCConfigurationList;
			buildConfigurations = (
				1F60A5961DB925B80052022C /* Debug */,
				1F60A5971DB925B80052022C /* Release */,
			);
			defaultConfigurationIsVisible = 0;
			defaultConfigurationName = Release;
		};
		1F60A5981DB925B80052022C /* Build configuration list for PBXNativeTarget "Survey" */ = {
			isa = XCConfigurationList;
			buildConfigurations = (
				1F60A5991DB925B80052022C /* Debug */,
				1F60A59A1DB925B80052022C /* Release */,
			);
			defaultConfigurationIsVisible = 0;
		};
/* End XCConfigurationList section */
	};
	rootObject = 1F60A57E1DB925B80052022C /* Project object */;
}
